
Microsoft Visual Studio Solution File, Format Version 12.00
# Visual Studio 15
VisualStudioVersion = 15.0.28307.960
MinimumVisualStudioVersion = 10.0.40219.1
Project("{8BC9CEB8-8B4A-11D0-8D11-00A0C91BC942}") = "VoidProject", "VoidProject\VoidProject.vcxproj", "{919B4102-6E81-43DB-A2E8-39F8E573D03D}"
EndProject
Global
	GlobalSection(SolutionConfigurationPlatforms) = preSolution
		Debug|x64 = Debug|x64
		Debug|x86 = Debug|x86
		Release|x64 = Release|x64
		Release|x86 = Release|x86
	EndGlobalSection
	GlobalSection(ProjectConfigurationPlatforms) = postSolution
		{919B4102-6E81-43DB-A2E8-39F8E573D03D}.Debug|x64.ActiveCfg = Debug|x64
		{919B4102-6E81-43DB-A2E8-39F8E573D03D}.Debug|x64.Build.0 = Debug|x64
		{919B4102-6E81-43DB-A2E8-39F8E573D03D}.Debug|x86.ActiveCfg = Debug|Win32
		{919B4102-6E81-43DB-A2E8-39F8E573D03D}.Debug|x86.Build.0 = Debug|Win32
		{919B4102-6E81-43DB-A2E8-39F8E573D03D}.Release|x64.ActiveCfg = Release|x64
		{919B4102-6E81-43DB-A2E8-39F8E573D03D}.Release|x64.Build.0 = Release|x64
		{919B4102-6E81-43DB-A2E8-39F8E573D03D}.Release|x86.ActiveCfg = Release|Win32
		{919B4102-6E81-43DB-A2E8-39F8E573D03D}.Release|x86.Build.0 = Release|Win32
	EndGlobalSection
	GlobalSection(SolutionProperties) = preSolution
		HideSolutionNode = FALSE
	EndGlobalSection
	GlobalSection(ExtensibilityGlobals) = postSolution
		SolutionGuid = {79E8B5EC-1BD5-4F58-B99A-D38DE0B1D8A7}
	EndGlobalSection
EndGlobal
